// !$*UTF8*$!
{
	archiveVersion = 1;
	classes = {
	};
	objectVersion = 50;
	objects = {

/* Begin PBXBuildFile section */
		58BB7EB925800DD500435B4C /* AppDelegate.swift in Sources */ = {isa = PBXBuildFile; fileRef = 58BB7EB825800DD500435B4C /* AppDelegate.swift */; };
		58BB7EBB25800DD500435B4C /* SceneDelegate.swift in Sources */ = {isa = PBXBuildFile; fileRef = 58BB7EBA25800DD500435B4C /* SceneDelegate.swift */; };
		58BB7EBD25800DD500435B4C /* ViewController.swift in Sources */ = {isa = PBXBuildFile; fileRef = 58BB7EBC25800DD500435B4C /* ViewController.swift */; };
		58BB7EC025800DD500435B4C /* Main.storyboard in Resources */ = {isa = PBXBuildFile; fileRef = 58BB7EBE25800DD500435B4C /* Main.storyboard */; };
		58BB7EC225800DDB00435B4C /* Assets.xcassets in Resources */ = {isa = PBXBuildFile; fileRef = 58BB7EC125800DDB00435B4C /* Assets.xcassets */; };
		58BB7EC525800DDB00435B4C /* LaunchScreen.storyboard in Resources */ = {isa = PBXBuildFile; fileRef = 58BB7EC325800DDB00435B4C /* LaunchScreen.storyboard */; };
		58BB7ED625800FE600435B4C /* Extension + UIButton.swift in Sources */ = {isa = PBXBuildFile; fileRef = 58BB7ED525800FE600435B4C /* Extension + UIButton.swift */; };
		7EC359BD92BADA5F3C2462A5 /* Pods_AnimationApp.framework in Frameworks */ = {isa = PBXBuildFile; fileRef = DC6C64AA24F4E9C789E9B4A6 /* Pods_AnimationApp.framework */; };
/* End PBXBuildFile section */

/* Begin PBXFileReference section */
		06B981682731A2E0107C05D4 /* Pods-AnimationApp.release.xcconfig */ = {isa = PBXFileReference; includeInIndex = 1; lastKnownFileType = text.xcconfig; name = "Pods-AnimationApp.release.xcconfig"; path = "Target Support Files/Pods-AnimationApp/Pods-AnimationApp.release.xcconfig"; sourceTree = "<group>"; };
		58BB7EB525800DD500435B4C /* AnimationApp.app */ = {isa = PBXFileReference; explicitFileType = wrapper.application; includeInIndex = 0; path = AnimationApp.app; sourceTree = BUILT_PRODUCTS_DIR; };
		58BB7EB825800DD500435B4C /* AppDelegate.swift */ = {isa = PBXFileReference; lastKnownFileType = sourcecode.swift; path = AppDelegate.swift; sourceTree = "<group>"; };
		58BB7EBA25800DD500435B4C /* SceneDelegate.swift */ = {isa = PBXFileReference; lastKnownFileType = sourcecode.swift; path = SceneDelegate.swift; sourceTree = "<group>"; };
		58BB7EBC25800DD500435B4C /* ViewController.swift */ = {isa = PBXFileReference; lastKnownFileType = sourcecode.swift; path = ViewController.swift; sourceTree = "<group>"; };
		58BB7EBF25800DD500435B4C /* Base */ = {isa = PBXFileReference; lastKnownFileType = file.storyboard; name = Base; path = Base.lproj/Main.storyboard; sourceTree = "<group>"; };
		58BB7EC125800DDB00435B4C /* Assets.xcassets */ = {isa = PBXFileReference; lastKnownFileType = folder.assetcatalog; path = Assets.xcassets; sourceTree = "<group>"; };
		58BB7EC425800DDB00435B4C /* Base */ = {isa = PBXFileReference; lastKnownFileType = file.storyboard; name = Base; path = Base.lproj/LaunchScreen.storyboard; sourceTree = "<group>"; };
		58BB7EC625800DDB00435B4C /* Info.plist */ = {isa = PBXFileReference; lastKnownFileType = text.plist.xml; path = Info.plist; sourceTree = "<group>"; };
		58BB7ED525800FE600435B4C /* Extension + UIButton.swift */ = {isa = PBXFileReference; lastKnownFileType = sourcecode.swift; path = "Extension + UIButton.swift"; sourceTree = "<group>"; };
		8441BA480136F9D32CDBC397 /* Pods-AnimationApp.debug.xcconfig */ = {isa = PBXFileReference; includeInIndex = 1; lastKnownFileType = text.xcconfig; name = "Pods-AnimationApp.debug.xcconfig"; path = "Target Support Files/Pods-AnimationApp/Pods-AnimationApp.debug.xcconfig"; sourceTree = "<group>"; };
		DC6C64AA24F4E9C789E9B4A6 /* Pods_AnimationApp.framework */ = {isa = PBXFileReference; explicitFileType = wrapper.framework; includeInIndex = 0; path = Pods_AnimationApp.framework; sourceTree = BUILT_PRODUCTS_DIR; };
/* End PBXFileReference section */

/* Begin PBXFrameworksBuildPhase section */
		58BB7EB225800DD500435B4C /* Frameworks */ = {
			isa = PBXFrameworksBuildPhase;
			buildActionMask = 2147483647;
			files = (
				7EC359BD92BADA5F3C2462A5 /* Pods_AnimationApp.framework in Frameworks */,
			);
			runOnlyForDeploymentPostprocessing = 0;
		};
/* End PBXFrameworksBuildPhase section */

/* Begin PBXGroup section */
		58BB7EAC25800DD500435B4C = {
			isa = PBXGroup;
			children = (
				58BB7EB725800DD500435B4C /* AnimationApp */,
				58BB7EB625800DD500435B4C /* Products */,
				6CE3C8D3A41D05BF5BFCFD91 /* Pods */,
				E7865122B09BCA4556164843 /* Frameworks */,
			);
			sourceTree = "<group>";
		};
		58BB7EB625800DD500435B4C /* Products */ = {
			isa = PBXGroup;
			children = (
				58BB7EB525800DD500435B4C /* AnimationApp.app */,
			);
			name = Products;
			sourceTree = "<group>";
		};
		58BB7EB725800DD500435B4C /* AnimationApp */ = {
			isa = PBXGroup;
			children = (
				58BB7ED025800E0000435B4C /* SupportingFiles */,
				58BB7ECE25800DF500435B4C /* ViewControllers */,
				58BB7ECD25800DEB00435B4C /* Storyboards */,
				58BB7ED325800E2000435B4C /* Source */,
				58BB7ED525800FE600435B4C /* Extension + UIButton.swift */,
			);
			path = AnimationApp;
			sourceTree = "<group>";
		};
		58BB7ECD25800DEB00435B4C /* Storyboards */ = {
			isa = PBXGroup;
			children = (
				58BB7EBE25800DD500435B4C /* Main.storyboard */,
				58BB7EC325800DDB00435B4C /* LaunchScreen.storyboard */,
			);
			path = Storyboards;
			sourceTree = "<group>";
		};
		58BB7ECE25800DF500435B4C /* ViewControllers */ = {
			isa = PBXGroup;
			children = (
				58BB7EBC25800DD500435B4C /* ViewController.swift */,
			);
			path = ViewControllers;
			sourceTree = "<group>";
		};
		58BB7ED025800E0000435B4C /* SupportingFiles */ = {
			isa = PBXGroup;
			children = (
				58BB7EB825800DD500435B4C /* AppDelegate.swift */,
				58BB7EBA25800DD500435B4C /* SceneDelegate.swift */,
				58BB7EC625800DDB00435B4C /* Info.plist */,
			);
			path = SupportingFiles;
			sourceTree = "<group>";
		};
		58BB7ED325800E2000435B4C /* Source */ = {
			isa = PBXGroup;
			children = (
				58BB7EC125800DDB00435B4C /* Assets.xcassets */,
			);
			path = Source;
			sourceTree = "<group>";
		};
		6CE3C8D3A41D05BF5BFCFD91 /* Pods */ = {
			isa = PBXGroup;
			children = (
				8441BA480136F9D32CDBC397 /* Pods-AnimationApp.debug.xcconfig */,
				06B981682731A2E0107C05D4 /* Pods-AnimationApp.release.xcconfig */,
			);
			name = Pods;
			path = Pods;
			sourceTree = "<group>";
		};
		E7865122B09BCA4556164843 /* Frameworks */ = {
			isa = PBXGroup;
			children = (
				DC6C64AA24F4E9C789E9B4A6 /* Pods_AnimationApp.framework */,
			);
			name = Frameworks;
			sourceTree = "<group>";
		};
/* End PBXGroup section */

/* Begin PBXNativeTarget section */
		58BB7EB425800DD500435B4C /* AnimationApp */ = {
			isa = PBXNativeTarget;
			buildConfigurationList = 58BB7EC925800DDB00435B4C /* Build configuration list for PBXNativeTarget "AnimationApp" */;
			buildPhases = (
				6CA1B4B8DB9660819E99CBAC /* [CP] Check Pods Manifest.lock */,
				58BB7EB125800DD500435B4C /* Sources */,
				58BB7EB225800DD500435B4C /* Frameworks */,
				58BB7EB325800DD500435B4C /* Resources */,
				BBD242848592505C08A8C1E1 /* [CP] Embed Pods Frameworks */,
			);
			buildRules = (
			);
			dependencies = (
			);
			name = AnimationApp;
			productName = AnimationApp;
			productReference = 58BB7EB525800DD500435B4C /* AnimationApp.app */;
			productType = "com.apple.product-type.application";
		};
/* End PBXNativeTarget section */

/* Begin PBXProject section */
		58BB7EAD25800DD500435B4C /* Project object */ = {
			isa = PBXProject;
			attributes = {
				LastSwiftUpdateCheck = 1220;
				LastUpgradeCheck = 1220;
				TargetAttributes = {
					58BB7EB425800DD500435B4C = {
						CreatedOnToolsVersion = 12.2;
					};
				};
			};
			buildConfigurationList = 58BB7EB025800DD500435B4C /* Build configuration list for PBXProject "AnimationApp" */;
			compatibilityVersion = "Xcode 9.3";
			developmentRegion = en;
			hasScannedForEncodings = 0;
			knownRegions = (
				en,
				Base,
			);
			mainGroup = 58BB7EAC25800DD500435B4C;
			productRefGroup = 58BB7EB625800DD500435B4C /* Products */;
			projectDirPath = "";
			projectRoot = "";
			targets = (
				58BB7EB425800DD500435B4C /* AnimationApp */,
			);
		};
/* End PBXProject section */

/* Begin PBXResourcesBuildPhase section */
		58BB7EB325800DD500435B4C /* Resources */ = {
			isa = PBXResourcesBuildPhase;
			buildActionMask = 2147483647;
			files = (
				58BB7EC525800DDB00435B4C /* LaunchScreen.storyboard in Resources */,
				58BB7EC225800DDB00435B4C /* Assets.xcassets in Resources */,
				58BB7EC025800DD500435B4C /* Main.storyboard in Resources */,
			);
			runOnlyForDeploymentPostprocessing = 0;
		};
/* End PBXResourcesBuildPhase section */

/* Begin PBXShellScriptBuildPhase section */
		6CA1B4B8DB9660819E99CBAC /* [CP] Check Pods Manifest.lock */ = {
			isa = PBXShellScriptBuildPhase;
			buildActionMask = 2147483647;
			files = (
			);
			inputFileListPaths = (
			);
			inputPaths = (
				"${PODS_PODFILE_DIR_PATH}/Podfile.lock",
				"${PODS_ROOT}/Manifest.lock",
			);
			name = "[CP] Check Pods Manifest.lock";
			outputFileListPaths = (
			);
			outputPaths = (
				"$(DERIVED_FILE_DIR)/Pods-AnimationApp-checkManifestLockResult.txt",
			);
			runOnlyForDeploymentPostprocessing = 0;
			shellPath = /bin/sh;
			shellScript = "diff \"${PODS_PODFILE_DIR_PATH}/Podfile.lock\" \"${PODS_ROOT}/Manifest.lock\" > /dev/null\nif [ $? != 0 ] ; then\n    # print error to STDERR\n    echo \"error: The sandbox is not in sync with the Podfile.lock. Run 'pod install' or update your CocoaPods installation.\" >&2\n    exit 1\nfi\n# This output is used by Xcode 'outputs' to avoid re-running this script phase.\necho \"SUCCESS\" > \"${SCRIPT_OUTPUT_FILE_0}\"\n";
			showEnvVarsInLog = 0;
		};
		BBD242848592505C08A8C1E1 /* [CP] Embed Pods Frameworks */ = {
			isa = PBXShellScriptBuildPhase;
			buildActionMask = 2147483647;
			files = (
			);
			inputFileListPaths = (
				"${PODS_ROOT}/Target Support Files/Pods-AnimationApp/Pods-AnimationApp-frameworks-${CONFIGURATION}-input-files.xcfilelist",
			);
			name = "[CP] Embed Pods Frameworks";
			outputFileListPaths = (
				"${PODS_ROOT}/Target Support Files/Pods-AnimationApp/Pods-AnimationApp-frameworks-${CONFIGURATION}-output-files.xcfilelist",
			);
			runOnlyForDeploymentPostprocessing = 0;
			shellPath = /bin/sh;
			shellScript = "\"${PODS_ROOT}/Target Support Files/Pods-AnimationApp/Pods-AnimationApp-frameworks.sh\"\n";
			showEnvVarsInLog = 0;
		};
/* End PBXShellScriptBuildPhase section */

/* Begin PBXSourcesBuildPhase section */
		58BB7EB125800DD500435B4C /* Sources */ = {
			isa = PBXSourcesBuildPhase;
			buildActionMask = 2147483647;
			files = (
				58BB7EBD25800DD500435B4C /* ViewController.swift in Sources */,
				58BB7EB925800DD500435B4C /* AppDelegate.swift in Sources */,
				58BB7EBB25800DD500435B4C /* SceneDelegate.swift in Sources */,
				58BB7ED625800FE600435B4C /* Extension + UIButton.swift in Sources */,
			);
			runOnlyForDeploymentPostprocessing = 0;
		};
/* End PBXSourcesBuildPhase section */

/* Begin PBXVariantGroup section */
		58BB7EBE25800DD500435B4C /* Main.storyboard */ = {
			isa = PBXVariantGroup;
			children = (
				58BB7EBF25800DD500435B4C /* Base */,
			);
			name = Main.storyboard;
			sourceTree = "<group>";
		};
		58BB7EC325800DDB00435B4C /* LaunchScreen.storyboard */ = {
			isa = PBXVariantGroup;
			children = (
				58BB7EC425800DDB00435B4C /* Base */,
			);
			name = LaunchScreen.storyboard;
			sourceTree = "<group>";
		};
/* End PBXVariantGroup section */

/* Begin XCBuildConfiguration section */
		58BB7EC725800DDB00435B4C /* Debug */ = {
			isa = XCBuildConfiguration;
			buildSettings = {
				ALWAYS_SEARCH_USER_PATHS = NO;
				CLANG_ANALYZER_NONNULL = YES;
				CLANG_ANALYZER_NUMBER_OBJECT_CONVERSION = YES_AGGRESSIVE;
				CLANG_CXX_LANGUAGE_STANDARD = "gnu++14";
				CLANG_CXX_LIBRARY = "libc++";
				CLANG_ENABLE_MODULES = YES;
				CLANG_ENABLE_OBJC_ARC = YES;
				CLANG_ENABLE_OBJC_WEAK = YES;
				CLANG_WARN_BLOCK_CAPTURE_AUTORELEASING = YES;
				CLANG_WARN_BOOL_CONVERSION = YES;
				CLANG_WARN_COMMA = YES;
				CLANG_WARN_CONSTANT_CONVERSION = YES;
				CLANG_WARN_DEPRECATED_OBJC_IMPLEMENTATIONS = YES;
				CLANG_WARN_DIRECT_OBJC_ISA_USAGE = YES_ERROR;
				CLANG_WARN_DOCUMENTATION_COMMENTS = YES;
				CLANG_WARN_EMPTY_BODY = YES;
				CLANG_WARN_ENUM_CONVERSION = YES;
				CLANG_WARN_INFINITE_RECURSION = YES;
				CLANG_WARN_INT_CONVERSION = YES;
				CLANG_WARN_NON_LITERAL_NULL_CONVERSION = YES;
				CLANG_WARN_OBJC_IMPLICIT_RETAIN_SELF = YES;
				CLANG_WARN_OBJC_LITERAL_CONVERSION = YES;
				CLANG_WARN_OBJC_ROOT_CLASS = YES_ERROR;
				CLANG_WARN_QUOTED_INCLUDE_IN_FRAMEWORK_HEADER = YES;
				CLANG_WARN_RANGE_LOOP_ANALYSIS = YES;
				CLANG_WARN_STRICT_PROTOTYPES = YES;
				CLANG_WARN_SUSPICIOUS_MOVE = YES;
				CLANG_WARN_UNGUARDED_AVAILABILITY = YES_AGGRESSIVE;
				CLANG_WARN_UNREACHABLE_CODE = YES;
				CLANG_WARN__DUPLICATE_METHOD_MATCH = YES;
				COPY_PHASE_STRIP = NO;
				DEBUG_INFORMATION_FORMAT = dwarf;
				ENABLE_STRICT_OBJC_MSGSEND = YES;
				ENABLE_TESTABILITY = YES;
				GCC_C_LANGUAGE_STANDARD = gnu11;
				GCC_DYNAMIC_NO_PIC = NO;
				GCC_NO_COMMON_BLOCKS = YES;
				GCC_OPTIMIZATION_LEVEL = 0;
				GCC_PREPROCESSOR_DEFINITIONS = (
					"DEBUG=1",
					"$(inherited)",
				);
				GCC_WARN_64_TO_32_BIT_CONVERSION = YES;
				GCC_WARN_ABOUT_RETURN_TYPE = YES_ERROR;
				GCC_WARN_UNDECLARED_SELECTOR = YES;
				GCC_WARN_UNINITIALIZED_AUTOS = YES_AGGRESSIVE;
				GCC_WARN_UNUSED_FUNCTION = YES;
				GCC_WARN_UNUSED_VARIABLE = YES;
				IPHONEOS_DEPLOYMENT_TARGET = 14.2;
				MTL_ENABLE_DEBUG_INFO = INCLUDE_SOURCE;
				MTL_FAST_MATH = YES;
				ONLY_ACTIVE_ARCH = YES;
				SDKROOT = iphoneos;
				SWIFT_ACTIVE_COMPILATION_CONDITIONS = DEBUG;
				SWIFT_OPTIMIZATION_LEVEL = "-Onone";
			};
			name = Debug;
		};
		58BB7EC825800DDB00435B4C /* Release */ = {
			isa = XCBuildConfiguration;
			buildSettings = {
				ALWAYS_SEARCH_USER_PATHS = NO;
				CLANG_ANALYZER_NONNULL = YES;
				CLANG_ANALYZER_NUMBER_OBJECT_CONVERSION = YES_AGGRESSIVE;
				CLANG_CXX_LANGUAGE_STANDARD = "gnu++14";
				CLANG_CXX_LIBRARY = "libc++";
				CLANG_ENABLE_MODULES = YES;
				CLANG_ENABLE_OBJC_ARC = YES;
				CLANG_ENABLE_OBJC_WEAK = YES;
				CLANG_WARN_BLOCK_CAPTURE_AUTORELEASING = YES;
				CLANG_WARN_BOOL_CONVERSION = YES;
				CLANG_WARN_COMMA = YES;
				CLANG_WARN_CONSTANT_CONVERSION = YES;
				CLANG_WARN_DEPRECATED_OBJC_IMPLEMENTATIONS = YES;
				CLANG_WARN_DIRECT_OBJC_ISA_USAGE = YES_ERROR;
				CLANG_WARN_DOCUMENTATION_COMMENTS = YES;
				CLANG_WARN_EMPTY_BODY = YES;
				CLANG_WARN_ENUM_CONVERSION = YES;
				CLANG_WARN_INFINITE_RECURSION = YES;
				CLANG_WARN_INT_CONVERSION = YES;
				CLANG_WARN_NON_LITERAL_NULL_CONVERSION = YES;
				CLANG_WARN_OBJC_IMPLICIT_RETAIN_SELF = YES;
				CLANG_WARN_OBJC_LITERAL_CONVERSION = YES;
				CLANG_WARN_OBJC_ROOT_CLASS = YES_ERROR;
				CLANG_WARN_QUOTED_INCLUDE_IN_FRAMEWORK_HEADER = YES;
				CLANG_WARN_RANGE_LOOP_ANALYSIS = YES;
				CLANG_WARN_STRICT_PROTOTYPES = YES;
				CLANG_WARN_SUSPICIOUS_MOVE = YES;
				CLANG_WARN_UNGUARDED_AVAILABILITY = YES_AGGRESSIVE;
				CLANG_WARN_UNREACHABLE_CODE = YES;
				CLANG_WARN__DUPLICATE_METHOD_MATCH = YES;
				COPY_PHASE_STRIP = NO;
				DEBUG_INFORMATION_FORMAT = "dwarf-with-dsym";
				ENABLE_NS_ASSERTIONS = NO;
				ENABLE_STRICT_OBJC_MSGSEND = YES;
				GCC_C_LANGUAGE_STANDARD = gnu11;
				GCC_NO_COMMON_BLOCKS = YES;
				GCC_WARN_64_TO_32_BIT_CONVERSION = YES;
				GCC_WARN_ABOUT_RETURN_TYPE = YES_ERROR;
				GCC_WARN_UNDECLARED_SELECTOR = YES;
				GCC_WARN_UNINITIALIZED_AUTOS = YES_AGGRESSIVE;
				GCC_WARN_UNUSED_FUNCTION = YES;
				GCC_WARN_UNUSED_VARIABLE = YES;
				IPHONEOS_DEPLOYMENT_TARGET = 14.2;
				MTL_ENABLE_DEBUG_INFO = NO;
				MTL_FAST_MATH = YES;
				SDKROOT = iphoneos;
				SWIFT_COMPILATION_MODE = wholemodule;
				SWIFT_OPTIMIZATION_LEVEL = "-O";
				VALIDATE_PRODUCT = YES;
			};
			name = Release;
		};
		58BB7ECA25800DDB00435B4C /* Debug */ = {
			isa = XCBuildConfiguration;
			baseConfigurationReference = 8441BA480136F9D32CDBC397 /* Pods-AnimationApp.debug.xcconfig */;
			buildSettings = {
				ASSETCATALOG_COMPILER_APPICON_NAME = AppIcon;
				ASSETCATALOG_COMPILER_GLOBAL_ACCENT_COLOR_NAME = AccentColor;
				CODE_SIGN_STYLE = Automatic;
				DEVELOPMENT_TEAM = B7NCZ24UXD;
				INFOPLIST_FILE = AnimationApp/SupportingFiles/Info.plist;
				LD_RUNPATH_SEARCH_PATHS = (
					"$(inherited)",
					"@executable_path/Frameworks",
				);
				PRODUCT_BUNDLE_IDENTIFIER = test.eugene.st.AnimationApp;
				PRODUCT_NAME = "$(TARGET_NAME)";
				SWIFT_VERSION = 5.0;
				TARGETED_DEVICE_FAMILY = "1,2";
			};
			name = Debug;
		};
		58BB7ECB25800DDB00435B4C /* Release */ = {
			isa = XCBuildConfiguration;
			baseConfigurationReference = 06B981682731A2E0107C05D4 /* Pods-AnimationApp.release.xcconfig */;
			buildSettings = {
				ASSETCATALOG_COMPILER_APPICON_NAME = AppIcon;
				ASSETCATALOG_COMPILER_GLOBAL_ACCENT_COLOR_NAME = AccentColor;
				CODE_SIGN_STYLE = Automatic;
				DEVELOPMENT_TEAM = B7NCZ24UXD;
				INFOPLIST_FILE = AnimationApp/SupportingFiles/Info.plist;
				LD_RUNPATH_SEARCH_PATHS = (
					"$(inherited)",
					"@executable_path/Frameworks",
				);
				PRODUCT_BUNDLE_IDENTIFIER = test.eugene.st.AnimationApp;
				PRODUCT_NAME = "$(TARGET_NAME)";
				SWIFT_VERSION = 5.0;
				TARGETED_DEVICE_FAMILY = "1,2";
			};
			name = Release;
		};
/* End XCBuildConfiguration section */

/* Begin XCConfigurationList section */
		58BB7EB025800DD500435B4C /* Build configuration list for PBXProject "AnimationApp" */ = {
			isa = XCConfigurationList;
			buildConfigurations = (
				58BB7EC725800DDB00435B4C /* Debug */,
				58BB7EC825800DDB00435B4C /* Release */,
			);
			defaultConfigurationIsVisible = 0;
			defaultConfigurationName = Release;
		};
		58BB7EC925800DDB00435B4C /* Build configuration list for PBXNativeTarget "AnimationApp" */ = {
			isa = XCConfigurationList;
			buildConfigurations = (
				58BB7ECA25800DDB00435B4C /* Debug */,
				58BB7ECB25800DDB00435B4C /* Release */,
			);
			defaultConfigurationIsVisible = 0;
			defaultConfigurationName = Release;
		};
/* End XCConfigurationList section */
	};
	rootObject = 58BB7EAD25800DD500435B4C /* Project object */;
}
