// !$*UTF8*$!
{
	archiveVersion = 1;
	classes = {
	};
	objectVersion = 50;
	objects = {

/* Begin PBXBuildFile section */
		5810ABA625E92CC70063BF8E /* TopicDetailsViewController.swift in Sources */ = {isa = PBXBuildFile; fileRef = 5810ABA525E92CC70063BF8E /* TopicDetailsViewController.swift */; };
		5819B60A25E3C1980062748C /* Model.swift in Sources */ = {isa = PBXBuildFile; fileRef = 5819B60925E3C1980062748C /* Model.swift */; };
		5829570E25CACCA300F68CA7 /* BookmarksCell.swift in Sources */ = {isa = PBXBuildFile; fileRef = 5829570D25CACCA300F68CA7 /* BookmarksCell.swift */; };
		582B571725CC878900637760 /* NetworkEndType.swift in Sources */ = {isa = PBXBuildFile; fileRef = 582B571625CC878900637760 /* NetworkEndType.swift */; };
		58369F8025C2DEC500296493 /* AppDelegate.swift in Sources */ = {isa = PBXBuildFile; fileRef = 58369F7F25C2DEC500296493 /* AppDelegate.swift */; };
		58369F8225C2DEC500296493 /* SceneDelegate.swift in Sources */ = {isa = PBXBuildFile; fileRef = 58369F8125C2DEC500296493 /* SceneDelegate.swift */; };
		58369F8725C2DEC500296493 /* Main.storyboard in Resources */ = {isa = PBXBuildFile; fileRef = 58369F8525C2DEC500296493 /* Main.storyboard */; };
		58369F8A25C2DEC500296493 /* EducationDiary.xcdatamodeld in Sources */ = {isa = PBXBuildFile; fileRef = 58369F8825C2DEC500296493 /* EducationDiary.xcdatamodeld */; };
		58369F8C25C2DECC00296493 /* Assets.xcassets in Resources */ = {isa = PBXBuildFile; fileRef = 58369F8B25C2DECC00296493 /* Assets.xcassets */; };
		58369F8F25C2DECC00296493 /* LaunchScreen.storyboard in Resources */ = {isa = PBXBuildFile; fileRef = 58369F8D25C2DECC00296493 /* LaunchScreen.storyboard */; };
		58369FA325C30D2A00296493 /* TasksViewController.swift in Sources */ = {isa = PBXBuildFile; fileRef = 58369FA225C30D2A00296493 /* TasksViewController.swift */; };
		58369FA725C30D4C00296493 /* BookmarksViewController.swift in Sources */ = {isa = PBXBuildFile; fileRef = 58369FA625C30D4C00296493 /* BookmarksViewController.swift */; };
		58369FAA25C30D9F00296493 /* TasksSecondViewController.swift in Sources */ = {isa = PBXBuildFile; fileRef = 58369FA925C30D9F00296493 /* TasksSecondViewController.swift */; };
		58369FAD25C30DD400296493 /* TopicsViewController.swift in Sources */ = {isa = PBXBuildFile; fileRef = 58369FAC25C30DD400296493 /* TopicsViewController.swift */; };
		58369FB425C30E5A00296493 /* TopicEditCreateViewController.swift in Sources */ = {isa = PBXBuildFile; fileRef = 58369FB325C30E5A00296493 /* TopicEditCreateViewController.swift */; };
		58369FB725C30E7A00296493 /* QuestionsViewController.swift in Sources */ = {isa = PBXBuildFile; fileRef = 58369FB625C30E7A00296493 /* QuestionsViewController.swift */; };
		58369FBA25C30EAF00296493 /* QuestionEditCreateViewController.swift in Sources */ = {isa = PBXBuildFile; fileRef = 58369FB925C30EAF00296493 /* QuestionEditCreateViewController.swift */; };
		58369FBE25C30FBF00296493 /* Topic.swift in Sources */ = {isa = PBXBuildFile; fileRef = 58369FBD25C30FBF00296493 /* Topic.swift */; };
		58369FC225C30FCA00296493 /* Question.swift in Sources */ = {isa = PBXBuildFile; fileRef = 58369FC125C30FCA00296493 /* Question.swift */; };
		58369FC525C30FD500296493 /* Task.swift in Sources */ = {isa = PBXBuildFile; fileRef = 58369FC425C30FD500296493 /* Task.swift */; };
		58369FC825C30FE800296493 /* Bookmark.swift in Sources */ = {isa = PBXBuildFile; fileRef = 58369FC725C30FE800296493 /* Bookmark.swift */; };
		58369FCD25C3683B00296493 /* NetworkManager.swift in Sources */ = {isa = PBXBuildFile; fileRef = 58369FCC25C3683B00296493 /* NetworkManager.swift */; };
		58369FD225C7EF9300296493 /* Mediator.swift in Sources */ = {isa = PBXBuildFile; fileRef = 58369FD125C7EF9300296493 /* Mediator.swift */; };
		58369FD625C7F8A000296493 /* NetworkMethods.swift in Sources */ = {isa = PBXBuildFile; fileRef = 58369FD525C7F8A000296493 /* NetworkMethods.swift */; };
		58369FE125C7FE0D00296493 /* TasksMediator.swift in Sources */ = {isa = PBXBuildFile; fileRef = 58369FE025C7FE0D00296493 /* TasksMediator.swift */; };
		58369FE425C7FE1900296493 /* TopicsMediator.swift in Sources */ = {isa = PBXBuildFile; fileRef = 58369FE325C7FE1900296493 /* TopicsMediator.swift */; };
		58369FE725C7FE2F00296493 /* BookmarksMediator.swift in Sources */ = {isa = PBXBuildFile; fileRef = 58369FE625C7FE2F00296493 /* BookmarksMediator.swift */; };
		58369FEA25C7FE3A00296493 /* QuestionsMediator.swift in Sources */ = {isa = PBXBuildFile; fileRef = 58369FE925C7FE3A00296493 /* QuestionsMediator.swift */; };
		58369FEE25C8081D00296493 /* NetworkMonitor.swift in Sources */ = {isa = PBXBuildFile; fileRef = 58369FED25C8081D00296493 /* NetworkMonitor.swift */; };
		5838539225E68EB5004091B3 /* TopicStatus.swift in Sources */ = {isa = PBXBuildFile; fileRef = 5838539125E68EB5004091B3 /* TopicStatus.swift */; };
		585D4DAF25E97E4500184524 /* TopicViewModel.swift in Sources */ = {isa = PBXBuildFile; fileRef = 585D4DAE25E97E4500184524 /* TopicViewModel.swift */; };
		586077EF25D4356700495AB3 /* ModelViewControllerDelegate.swift in Sources */ = {isa = PBXBuildFile; fileRef = 586077EE25D4356700495AB3 /* ModelViewControllerDelegate.swift */; };
		586077F325D5594000495AB3 /* Extensions.swift in Sources */ = {isa = PBXBuildFile; fileRef = 586077F225D5594000495AB3 /* Extensions.swift */; };
		586077F825D58D2700495AB3 /* TasksCell.swift in Sources */ = {isa = PBXBuildFile; fileRef = 586077F725D58D2700495AB3 /* TasksCell.swift */; };
		58976A9A25E543B000F7EF0D /* TopicEditCreateViewController+AlertExtension.swift in Sources */ = {isa = PBXBuildFile; fileRef = 58976A9925E543B000F7EF0D /* TopicEditCreateViewController+AlertExtension.swift */; };
		5898010925E9078D00F36B0D /* TopicDetailsViewController+TableExtension.swift in Sources */ = {isa = PBXBuildFile; fileRef = 5898010825E9078D00F36B0D /* TopicDetailsViewController+TableExtension.swift */; };
		5898010E25E925AE00F36B0D /* TopicDetailsViewController+AlertExtension.swift in Sources */ = {isa = PBXBuildFile; fileRef = 5898010D25E925AE00F36B0D /* TopicDetailsViewController+AlertExtension.swift */; };
		58A1F6DA25CD0FA100C62AB9 /* BookmarksViewController+AlertExtension.swift in Sources */ = {isa = PBXBuildFile; fileRef = 58A1F6D925CD0FA100C62AB9 /* BookmarksViewController+AlertExtension.swift */; };
		58AA939225E4EADE00793461 /* ErrorAlert.swift in Sources */ = {isa = PBXBuildFile; fileRef = 58AA939125E4EADE00793461 /* ErrorAlert.swift */; };
		58AA939825E50E3200793461 /* FreezeUIController.swift in Sources */ = {isa = PBXBuildFile; fileRef = 58AA939725E50E3200793461 /* FreezeUIController.swift */; };
		58AA939B25E5216800793461 /* TopicCell.swift in Sources */ = {isa = PBXBuildFile; fileRef = 58AA939A25E5216800793461 /* TopicCell.swift */; };
		58C7E05525ECD13200FAEB55 /* TopicsViewController+SortExtension.swift in Sources */ = {isa = PBXBuildFile; fileRef = 58C7E05425ECD13200FAEB55 /* TopicsViewController+SortExtension.swift */; };
		58C7E05B25ED106B00FAEB55 /* QuestionCell.swift in Sources */ = {isa = PBXBuildFile; fileRef = 58C7E05A25ED106B00FAEB55 /* QuestionCell.swift */; };
		58D5C8A825C92BE6008402BE /* DataError.swift in Sources */ = {isa = PBXBuildFile; fileRef = 58D5C8A725C92BE6008402BE /* DataError.swift */; };
		58FCE19625D124DC00654915 /* CoreDataManager.swift in Sources */ = {isa = PBXBuildFile; fileRef = 58FCE19525D124DC00654915 /* CoreDataManager.swift */; };
/* End PBXBuildFile section */

/* Begin PBXFileReference section */
		5810ABA525E92CC70063BF8E /* TopicDetailsViewController.swift */ = {isa = PBXFileReference; fileEncoding = 4; lastKnownFileType = sourcecode.swift; path = TopicDetailsViewController.swift; sourceTree = "<group>"; };
		5819B60925E3C1980062748C /* Model.swift */ = {isa = PBXFileReference; lastKnownFileType = sourcecode.swift; path = Model.swift; sourceTree = "<group>"; };
		5829570D25CACCA300F68CA7 /* BookmarksCell.swift */ = {isa = PBXFileReference; lastKnownFileType = sourcecode.swift; path = BookmarksCell.swift; sourceTree = "<group>"; };
		582B571625CC878900637760 /* NetworkEndType.swift */ = {isa = PBXFileReference; lastKnownFileType = sourcecode.swift; path = NetworkEndType.swift; sourceTree = "<group>"; };
		58369F7C25C2DEC500296493 /* EducationDiary.app */ = {isa = PBXFileReference; explicitFileType = wrapper.application; includeInIndex = 0; path = EducationDiary.app; sourceTree = BUILT_PRODUCTS_DIR; };
		58369F7F25C2DEC500296493 /* AppDelegate.swift */ = {isa = PBXFileReference; lastKnownFileType = sourcecode.swift; path = AppDelegate.swift; sourceTree = "<group>"; };
		58369F8125C2DEC500296493 /* SceneDelegate.swift */ = {isa = PBXFileReference; lastKnownFileType = sourcecode.swift; path = SceneDelegate.swift; sourceTree = "<group>"; };
		58369F8625C2DEC500296493 /* Base */ = {isa = PBXFileReference; lastKnownFileType = file.storyboard; name = Base; path = Base.lproj/Main.storyboard; sourceTree = "<group>"; };
		58369F8925C2DEC500296493 /* EducationDiary.xcdatamodel */ = {isa = PBXFileReference; lastKnownFileType = wrapper.xcdatamodel; path = EducationDiary.xcdatamodel; sourceTree = "<group>"; };
		58369F8B25C2DECC00296493 /* Assets.xcassets */ = {isa = PBXFileReference; lastKnownFileType = folder.assetcatalog; path = Assets.xcassets; sourceTree = "<group>"; };
		58369F8E25C2DECC00296493 /* Base */ = {isa = PBXFileReference; lastKnownFileType = file.storyboard; name = Base; path = Base.lproj/LaunchScreen.storyboard; sourceTree = "<group>"; };
		58369F9025C2DECC00296493 /* Info.plist */ = {isa = PBXFileReference; lastKnownFileType = text.plist.xml; path = Info.plist; sourceTree = "<group>"; };
		58369FA225C30D2A00296493 /* TasksViewController.swift */ = {isa = PBXFileReference; lastKnownFileType = sourcecode.swift; path = TasksViewController.swift; sourceTree = "<group>"; };
		58369FA625C30D4C00296493 /* BookmarksViewController.swift */ = {isa = PBXFileReference; lastKnownFileType = sourcecode.swift; path = BookmarksViewController.swift; sourceTree = "<group>"; };
		58369FA925C30D9F00296493 /* TasksSecondViewController.swift */ = {isa = PBXFileReference; lastKnownFileType = sourcecode.swift; path = TasksSecondViewController.swift; sourceTree = "<group>"; };
		58369FAC25C30DD400296493 /* TopicsViewController.swift */ = {isa = PBXFileReference; lastKnownFileType = sourcecode.swift; path = TopicsViewController.swift; sourceTree = "<group>"; };
		58369FB325C30E5A00296493 /* TopicEditCreateViewController.swift */ = {isa = PBXFileReference; lastKnownFileType = sourcecode.swift; path = TopicEditCreateViewController.swift; sourceTree = "<group>"; };
		58369FB625C30E7A00296493 /* QuestionsViewController.swift */ = {isa = PBXFileReference; lastKnownFileType = sourcecode.swift; path = QuestionsViewController.swift; sourceTree = "<group>"; };
		58369FB925C30EAF00296493 /* QuestionEditCreateViewController.swift */ = {isa = PBXFileReference; lastKnownFileType = sourcecode.swift; path = QuestionEditCreateViewController.swift; sourceTree = "<group>"; };
		58369FBD25C30FBF00296493 /* Topic.swift */ = {isa = PBXFileReference; lastKnownFileType = sourcecode.swift; path = Topic.swift; sourceTree = "<group>"; };
		58369FC125C30FCA00296493 /* Question.swift */ = {isa = PBXFileReference; lastKnownFileType = sourcecode.swift; path = Question.swift; sourceTree = "<group>"; };
		58369FC425C30FD500296493 /* Task.swift */ = {isa = PBXFileReference; lastKnownFileType = sourcecode.swift; path = Task.swift; sourceTree = "<group>"; };
		58369FC725C30FE800296493 /* Bookmark.swift */ = {isa = PBXFileReference; lastKnownFileType = sourcecode.swift; path = Bookmark.swift; sourceTree = "<group>"; };
		58369FCC25C3683B00296493 /* NetworkManager.swift */ = {isa = PBXFileReference; lastKnownFileType = sourcecode.swift; path = NetworkManager.swift; sourceTree = "<group>"; };
		58369FD125C7EF9300296493 /* Mediator.swift */ = {isa = PBXFileReference; lastKnownFileType = sourcecode.swift; path = Mediator.swift; sourceTree = "<group>"; };
		58369FD525C7F8A000296493 /* NetworkMethods.swift */ = {isa = PBXFileReference; lastKnownFileType = sourcecode.swift; path = NetworkMethods.swift; sourceTree = "<group>"; };
		58369FE025C7FE0D00296493 /* TasksMediator.swift */ = {isa = PBXFileReference; lastKnownFileType = sourcecode.swift; path = TasksMediator.swift; sourceTree = "<group>"; };
		58369FE325C7FE1900296493 /* TopicsMediator.swift */ = {isa = PBXFileReference; lastKnownFileType = sourcecode.swift; path = TopicsMediator.swift; sourceTree = "<group>"; };
		58369FE625C7FE2F00296493 /* BookmarksMediator.swift */ = {isa = PBXFileReference; lastKnownFileType = sourcecode.swift; path = BookmarksMediator.swift; sourceTree = "<group>"; };
		58369FE925C7FE3A00296493 /* QuestionsMediator.swift */ = {isa = PBXFileReference; lastKnownFileType = sourcecode.swift; path = QuestionsMediator.swift; sourceTree = "<group>"; };
		58369FED25C8081D00296493 /* NetworkMonitor.swift */ = {isa = PBXFileReference; lastKnownFileType = sourcecode.swift; path = NetworkMonitor.swift; sourceTree = "<group>"; };
		5838539125E68EB5004091B3 /* TopicStatus.swift */ = {isa = PBXFileReference; lastKnownFileType = sourcecode.swift; path = TopicStatus.swift; sourceTree = "<group>"; };
		585D4DAE25E97E4500184524 /* TopicViewModel.swift */ = {isa = PBXFileReference; lastKnownFileType = sourcecode.swift; path = TopicViewModel.swift; sourceTree = "<group>"; };
		586077EE25D4356700495AB3 /* ModelViewControllerDelegate.swift */ = {isa = PBXFileReference; lastKnownFileType = sourcecode.swift; path = ModelViewControllerDelegate.swift; sourceTree = "<group>"; };
		586077F225D5594000495AB3 /* Extensions.swift */ = {isa = PBXFileReference; lastKnownFileType = sourcecode.swift; path = Extensions.swift; sourceTree = "<group>"; };
		586077F725D58D2700495AB3 /* TasksCell.swift */ = {isa = PBXFileReference; lastKnownFileType = sourcecode.swift; path = TasksCell.swift; sourceTree = "<group>"; };
		58976A9925E543B000F7EF0D /* TopicEditCreateViewController+AlertExtension.swift */ = {isa = PBXFileReference; lastKnownFileType = sourcecode.swift; path = "TopicEditCreateViewController+AlertExtension.swift"; sourceTree = "<group>"; };
		5898010825E9078D00F36B0D /* TopicDetailsViewController+TableExtension.swift */ = {isa = PBXFileReference; lastKnownFileType = sourcecode.swift; path = "TopicDetailsViewController+TableExtension.swift"; sourceTree = "<group>"; };
		5898010D25E925AE00F36B0D /* TopicDetailsViewController+AlertExtension.swift */ = {isa = PBXFileReference; lastKnownFileType = sourcecode.swift; path = "TopicDetailsViewController+AlertExtension.swift"; sourceTree = "<group>"; };
		58A1F6D925CD0FA100C62AB9 /* BookmarksViewController+AlertExtension.swift */ = {isa = PBXFileReference; lastKnownFileType = sourcecode.swift; path = "BookmarksViewController+AlertExtension.swift"; sourceTree = "<group>"; };
		58AA939125E4EADE00793461 /* ErrorAlert.swift */ = {isa = PBXFileReference; lastKnownFileType = sourcecode.swift; path = ErrorAlert.swift; sourceTree = "<group>"; };
		58AA939725E50E3200793461 /* FreezeUIController.swift */ = {isa = PBXFileReference; lastKnownFileType = sourcecode.swift; path = FreezeUIController.swift; sourceTree = "<group>"; };
		58AA939A25E5216800793461 /* TopicCell.swift */ = {isa = PBXFileReference; lastKnownFileType = sourcecode.swift; path = TopicCell.swift; sourceTree = "<group>"; };
		58C7E05425ECD13200FAEB55 /* TopicsViewController+SortExtension.swift */ = {isa = PBXFileReference; lastKnownFileType = sourcecode.swift; path = "TopicsViewController+SortExtension.swift"; sourceTree = "<group>"; };
		58C7E05A25ED106B00FAEB55 /* QuestionCell.swift */ = {isa = PBXFileReference; lastKnownFileType = sourcecode.swift; path = QuestionCell.swift; sourceTree = "<group>"; };
		58D5C8A725C92BE6008402BE /* DataError.swift */ = {isa = PBXFileReference; lastKnownFileType = sourcecode.swift; path = DataError.swift; sourceTree = "<group>"; };
		58FCE19525D124DC00654915 /* CoreDataManager.swift */ = {isa = PBXFileReference; lastKnownFileType = sourcecode.swift; path = CoreDataManager.swift; sourceTree = "<group>"; };
/* End PBXFileReference section */

/* Begin PBXFrameworksBuildPhase section */
		58369F7925C2DEC500296493 /* Frameworks */ = {
			isa = PBXFrameworksBuildPhase;
			buildActionMask = 2147483647;
			files = (
			);
			runOnlyForDeploymentPostprocessing = 0;
		};
/* End PBXFrameworksBuildPhase section */

/* Begin PBXGroup section */
		58369F7325C2DEC500296493 = {
			isa = PBXGroup;
			children = (
				58369F7E25C2DEC500296493 /* EducationDiary */,
				58369F7D25C2DEC500296493 /* Products */,
			);
			sourceTree = "<group>";
		};
		58369F7D25C2DEC500296493 /* Products */ = {
			isa = PBXGroup;
			children = (
				58369F7C25C2DEC500296493 /* EducationDiary.app */,
			);
			name = Products;
			sourceTree = "<group>";
		};
		58369F7E25C2DEC500296493 /* EducationDiary */ = {
			isa = PBXGroup;
			children = (
				586077ED25D4355000495AB3 /* Protocols */,
				58FCE19825D124F100654915 /* CoreDataManager */,
				58369FD025C7EF8100296493 /* DataMediator */,
				58369FCB25C3682900296493 /* Network */,
				58369F9D25C2E7CA00296493 /* Model */,
				58369F9925C2E7A000296493 /* Storyboards */,
				58369F9825C2E79800296493 /* Controllers */,
				58369F9A25C2E7B500296493 /* SupportingFiles */,
				58369F9C25C2E7C000296493 /* Source */,
				586077F525D5594700495AB3 /* Extensions */,
			);
			path = EducationDiary;
			sourceTree = "<group>";
		};
		58369F9825C2E79800296493 /* Controllers */ = {
			isa = PBXGroup;
			children = (
				58976AA225E66BEA00F7EF0D /* BookmarkControllers */,
				58976AA125E66BD500F7EF0D /* TaskControllers */,
				58976AA025E66BC200F7EF0D /* TopicControllers */,
				58976A9C25E66B7600F7EF0D /* Cells */,
				58976A9D25E66B9800F7EF0D /* AlertControllers */,
				58AA939725E50E3200793461 /* FreezeUIController.swift */,
			);
			path = Controllers;
			sourceTree = "<group>";
		};
		58369F9925C2E7A000296493 /* Storyboards */ = {
			isa = PBXGroup;
			children = (
				58369F8525C2DEC500296493 /* Main.storyboard */,
				58369F8D25C2DECC00296493 /* LaunchScreen.storyboard */,
			);
			path = Storyboards;
			sourceTree = "<group>";
		};
		58369F9A25C2E7B500296493 /* SupportingFiles */ = {
			isa = PBXGroup;
			children = (
				58369F7F25C2DEC500296493 /* AppDelegate.swift */,
				58369F8125C2DEC500296493 /* SceneDelegate.swift */,
				58369F9025C2DECC00296493 /* Info.plist */,
			);
			path = SupportingFiles;
			sourceTree = "<group>";
		};
		58369F9C25C2E7C000296493 /* Source */ = {
			isa = PBXGroup;
			children = (
				58369F8B25C2DECC00296493 /* Assets.xcassets */,
			);
			path = Source;
			sourceTree = "<group>";
		};
		58369F9D25C2E7CA00296493 /* Model */ = {
			isa = PBXGroup;
			children = (
				58DA2BF725EA476E00BFBBD0 /* Topic */,
				58369FC125C30FCA00296493 /* Question.swift */,
				58369FC425C30FD500296493 /* Task.swift */,
				58369FC725C30FE800296493 /* Bookmark.swift */,
				58369F8825C2DEC500296493 /* EducationDiary.xcdatamodeld */,
			);
			path = Model;
			sourceTree = "<group>";
		};
		58369FCB25C3682900296493 /* Network */ = {
			isa = PBXGroup;
			children = (
				58369FCC25C3683B00296493 /* NetworkManager.swift */,
				58369FED25C8081D00296493 /* NetworkMonitor.swift */,
				58369FD525C7F8A000296493 /* NetworkMethods.swift */,
				58D5C8A725C92BE6008402BE /* DataError.swift */,
				582B571625CC878900637760 /* NetworkEndType.swift */,
			);
			path = Network;
			sourceTree = "<group>";
		};
		58369FD025C7EF8100296493 /* DataMediator */ = {
			isa = PBXGroup;
			children = (
				58369FD125C7EF9300296493 /* Mediator.swift */,
				58369FE025C7FE0D00296493 /* TasksMediator.swift */,
				58369FE325C7FE1900296493 /* TopicsMediator.swift */,
				58369FE625C7FE2F00296493 /* BookmarksMediator.swift */,
				58369FE925C7FE3A00296493 /* QuestionsMediator.swift */,
			);
			path = DataMediator;
			sourceTree = "<group>";
		};
		5838539025E68E99004091B3 /* TopicStatuses */ = {
			isa = PBXGroup;
			children = (
				5838539125E68EB5004091B3 /* TopicStatus.swift */,
			);
			path = TopicStatuses;
			sourceTree = "<group>";
		};
		586077ED25D4355000495AB3 /* Protocols */ = {
			isa = PBXGroup;
			children = (
				586077EE25D4356700495AB3 /* ModelViewControllerDelegate.swift */,
				5819B60925E3C1980062748C /* Model.swift */,
			);
			path = Protocols;
			sourceTree = "<group>";
		};
		586077F525D5594700495AB3 /* Extensions */ = {
			isa = PBXGroup;
			children = (
				586077F225D5594000495AB3 /* Extensions.swift */,
			);
			path = Extensions;
			sourceTree = "<group>";
		};
		58976A9C25E66B7600F7EF0D /* Cells */ = {
			isa = PBXGroup;
			children = (
				586077F725D58D2700495AB3 /* TasksCell.swift */,
				58AA939A25E5216800793461 /* TopicCell.swift */,
				5829570D25CACCA300F68CA7 /* BookmarksCell.swift */,
				58C7E05A25ED106B00FAEB55 /* QuestionCell.swift */,
			);
			path = Cells;
			sourceTree = "<group>";
		};
		58976A9D25E66B9800F7EF0D /* AlertControllers */ = {
			isa = PBXGroup;
			children = (
				58976A9925E543B000F7EF0D /* TopicEditCreateViewController+AlertExtension.swift */,
				5898010D25E925AE00F36B0D /* TopicDetailsViewController+AlertExtension.swift */,
				58C7E05425ECD13200FAEB55 /* TopicsViewController+SortExtension.swift */,
				58A1F6D925CD0FA100C62AB9 /* BookmarksViewController+AlertExtension.swift */,
				58AA939125E4EADE00793461 /* ErrorAlert.swift */,
			);
			path = AlertControllers;
			sourceTree = "<group>";
		};
		58976AA025E66BC200F7EF0D /* TopicControllers */ = {
			isa = PBXGroup;
			children = (
				58369FAC25C30DD400296493 /* TopicsViewController.swift */,
				5810ABA525E92CC70063BF8E /* TopicDetailsViewController.swift */,
				5898010825E9078D00F36B0D /* TopicDetailsViewController+TableExtension.swift */,
				58369FB325C30E5A00296493 /* TopicEditCreateViewController.swift */,
				58976AA325E66BF800F7EF0D /* QuestionControllers */,
			);
			path = TopicControllers;
			sourceTree = "<group>";
		};
		58976AA125E66BD500F7EF0D /* TaskControllers */ = {
			isa = PBXGroup;
			children = (
				58369FA225C30D2A00296493 /* TasksViewController.swift */,
				58369FA925C30D9F00296493 /* TasksSecondViewController.swift */,
			);
			path = TaskControllers;
			sourceTree = "<group>";
		};
		58976AA225E66BEA00F7EF0D /* BookmarkControllers */ = {
			isa = PBXGroup;
			children = (
				58369FA625C30D4C00296493 /* BookmarksViewController.swift */,
			);
			path = BookmarkControllers;
			sourceTree = "<group>";
		};
		58976AA325E66BF800F7EF0D /* QuestionControllers */ = {
			isa = PBXGroup;
			children = (
				58369FB625C30E7A00296493 /* QuestionsViewController.swift */,
				58369FB925C30EAF00296493 /* QuestionEditCreateViewController.swift */,
			);
			path = QuestionControllers;
			sourceTree = "<group>";
		};
		58DA2BF725EA476E00BFBBD0 /* Topic */ = {
			isa = PBXGroup;
			children = (
				585D4DAE25E97E4500184524 /* TopicViewModel.swift */,
				58369FBD25C30FBF00296493 /* Topic.swift */,
				5838539025E68E99004091B3 /* TopicStatuses */,
			);
			path = Topic;
			sourceTree = "<group>";
		};
		58FCE19825D124F100654915 /* CoreDataManager */ = {
			isa = PBXGroup;
			children = (
				58FCE19525D124DC00654915 /* CoreDataManager.swift */,
			);
			path = CoreDataManager;
			sourceTree = "<group>";
		};
/* End PBXGroup section */

/* Begin PBXNativeTarget section */
		58369F7B25C2DEC500296493 /* EducationDiary */ = {
			isa = PBXNativeTarget;
			buildConfigurationList = 58369F9325C2DECC00296493 /* Build configuration list for PBXNativeTarget "EducationDiary" */;
			buildPhases = (
				58369F7825C2DEC500296493 /* Sources */,
				58369F7925C2DEC500296493 /* Frameworks */,
				58369F7A25C2DEC500296493 /* Resources */,
			);
			buildRules = (
			);
			dependencies = (
			);
			name = EducationDiary;
			productName = EducationDiary;
			productReference = 58369F7C25C2DEC500296493 /* EducationDiary.app */;
			productType = "com.apple.product-type.application";
		};
/* End PBXNativeTarget section */

/* Begin PBXProject section */
		58369F7425C2DEC500296493 /* Project object */ = {
			isa = PBXProject;
			attributes = {
				LastSwiftUpdateCheck = 1220;
				LastUpgradeCheck = 1220;
				TargetAttributes = {
					58369F7B25C2DEC500296493 = {
						CreatedOnToolsVersion = 12.2;
					};
				};
			};
			buildConfigurationList = 58369F7725C2DEC500296493 /* Build configuration list for PBXProject "EducationDiary" */;
			compatibilityVersion = "Xcode 9.3";
			developmentRegion = en;
			hasScannedForEncodings = 0;
			knownRegions = (
				en,
				Base,
			);
			mainGroup = 58369F7325C2DEC500296493;
			productRefGroup = 58369F7D25C2DEC500296493 /* Products */;
			projectDirPath = "";
			projectRoot = "";
			targets = (
				58369F7B25C2DEC500296493 /* EducationDiary */,
			);
		};
/* End PBXProject section */

/* Begin PBXResourcesBuildPhase section */
		58369F7A25C2DEC500296493 /* Resources */ = {
			isa = PBXResourcesBuildPhase;
			buildActionMask = 2147483647;
			files = (
				58369F8F25C2DECC00296493 /* LaunchScreen.storyboard in Resources */,
				58369F8C25C2DECC00296493 /* Assets.xcassets in Resources */,
				58369F8725C2DEC500296493 /* Main.storyboard in Resources */,
			);
			runOnlyForDeploymentPostprocessing = 0;
		};
/* End PBXResourcesBuildPhase section */

/* Begin PBXSourcesBuildPhase section */
		58369F7825C2DEC500296493 /* Sources */ = {
			isa = PBXSourcesBuildPhase;
			buildActionMask = 2147483647;
			files = (
				58369FAD25C30DD400296493 /* TopicsViewController.swift in Sources */,
				58369FBE25C30FBF00296493 /* Topic.swift in Sources */,
				58AA939825E50E3200793461 /* FreezeUIController.swift in Sources */,
				58C7E05B25ED106B00FAEB55 /* QuestionCell.swift in Sources */,
				58369FEA25C7FE3A00296493 /* QuestionsMediator.swift in Sources */,
				58369FE725C7FE2F00296493 /* BookmarksMediator.swift in Sources */,
				58AA939225E4EADE00793461 /* ErrorAlert.swift in Sources */,
				58A1F6DA25CD0FA100C62AB9 /* BookmarksViewController+AlertExtension.swift in Sources */,
				58369FEE25C8081D00296493 /* NetworkMonitor.swift in Sources */,
				58369FA725C30D4C00296493 /* BookmarksViewController.swift in Sources */,
				5829570E25CACCA300F68CA7 /* BookmarksCell.swift in Sources */,
				58D5C8A825C92BE6008402BE /* DataError.swift in Sources */,
				58369FB425C30E5A00296493 /* TopicEditCreateViewController.swift in Sources */,
				5838539225E68EB5004091B3 /* TopicStatus.swift in Sources */,
				58976A9A25E543B000F7EF0D /* TopicEditCreateViewController+AlertExtension.swift in Sources */,
				58369FCD25C3683B00296493 /* NetworkManager.swift in Sources */,
				58369FAA25C30D9F00296493 /* TasksSecondViewController.swift in Sources */,
				58369FE425C7FE1900296493 /* TopicsMediator.swift in Sources */,
				586077F825D58D2700495AB3 /* TasksCell.swift in Sources */,
				58369FC825C30FE800296493 /* Bookmark.swift in Sources */,
				58369F8A25C2DEC500296493 /* EducationDiary.xcdatamodeld in Sources */,
				582B571725CC878900637760 /* NetworkEndType.swift in Sources */,
				58369FA325C30D2A00296493 /* TasksViewController.swift in Sources */,
				58AA939B25E5216800793461 /* TopicCell.swift in Sources */,
				58369FB725C30E7A00296493 /* QuestionsViewController.swift in Sources */,
				586077EF25D4356700495AB3 /* ModelViewControllerDelegate.swift in Sources */,
				58369FC225C30FCA00296493 /* Question.swift in Sources */,
				5898010E25E925AE00F36B0D /* TopicDetailsViewController+AlertExtension.swift in Sources */,
				58369F8025C2DEC500296493 /* AppDelegate.swift in Sources */,
				58369FD225C7EF9300296493 /* Mediator.swift in Sources */,
				58369FD625C7F8A000296493 /* NetworkMethods.swift in Sources */,
				58369FBA25C30EAF00296493 /* QuestionEditCreateViewController.swift in Sources */,
				586077F325D5594000495AB3 /* Extensions.swift in Sources */,
				5810ABA625E92CC70063BF8E /* TopicDetailsViewController.swift in Sources */,
				58C7E05525ECD13200FAEB55 /* TopicsViewController+SortExtension.swift in Sources */,
				58369FC525C30FD500296493 /* Task.swift in Sources */,
				585D4DAF25E97E4500184524 /* TopicViewModel.swift in Sources */,
				58369FE125C7FE0D00296493 /* TasksMediator.swift in Sources */,
				58FCE19625D124DC00654915 /* CoreDataManager.swift in Sources */,
				5819B60A25E3C1980062748C /* Model.swift in Sources */,
				58369F8225C2DEC500296493 /* SceneDelegate.swift in Sources */,
				5898010925E9078D00F36B0D /* TopicDetailsViewController+TableExtension.swift in Sources */,
			);
			runOnlyForDeploymentPostprocessing = 0;
		};
/* End PBXSourcesBuildPhase section */

/* Begin PBXVariantGroup section */
		58369F8525C2DEC500296493 /* Main.storyboard */ = {
			isa = PBXVariantGroup;
			children = (
				58369F8625C2DEC500296493 /* Base */,
			);
			name = Main.storyboard;
			sourceTree = "<group>";
		};
		58369F8D25C2DECC00296493 /* LaunchScreen.storyboard */ = {
			isa = PBXVariantGroup;
			children = (
				58369F8E25C2DECC00296493 /* Base */,
			);
			name = LaunchScreen.storyboard;
			sourceTree = "<group>";
		};
/* End PBXVariantGroup section */

/* Begin XCBuildConfiguration section */
		58369F9125C2DECC00296493 /* Debug */ = {
			isa = XCBuildConfiguration;
			buildSettings = {
				ALWAYS_SEARCH_USER_PATHS = NO;
				CLANG_ANALYZER_NONNULL = YES;
				CLANG_ANALYZER_NUMBER_OBJECT_CONVERSION = YES_AGGRESSIVE;
				CLANG_CXX_LANGUAGE_STANDARD = "gnu++14";
				CLANG_CXX_LIBRARY = "libc++";
				CLANG_ENABLE_MODULES = YES;
				CLANG_ENABLE_OBJC_ARC = YES;
				CLANG_ENABLE_OBJC_WEAK = YES;
				CLANG_WARN_BLOCK_CAPTURE_AUTORELEASING = YES;
				CLANG_WARN_BOOL_CONVERSION = YES;
				CLANG_WARN_COMMA = YES;
				CLANG_WARN_CONSTANT_CONVERSION = YES;
				CLANG_WARN_DEPRECATED_OBJC_IMPLEMENTATIONS = YES;
				CLANG_WARN_DIRECT_OBJC_ISA_USAGE = YES_ERROR;
				CLANG_WARN_DOCUMENTATION_COMMENTS = YES;
				CLANG_WARN_EMPTY_BODY = YES;
				CLANG_WARN_ENUM_CONVERSION = YES;
				CLANG_WARN_INFINITE_RECURSION = YES;
				CLANG_WARN_INT_CONVERSION = YES;
				CLANG_WARN_NON_LITERAL_NULL_CONVERSION = YES;
				CLANG_WARN_OBJC_IMPLICIT_RETAIN_SELF = YES;
				CLANG_WARN_OBJC_LITERAL_CONVERSION = YES;
				CLANG_WARN_OBJC_ROOT_CLASS = YES_ERROR;
				CLANG_WARN_QUOTED_INCLUDE_IN_FRAMEWORK_HEADER = YES;
				CLANG_WARN_RANGE_LOOP_ANALYSIS = YES;
				CLANG_WARN_STRICT_PROTOTYPES = YES;
				CLANG_WARN_SUSPICIOUS_MOVE = YES;
				CLANG_WARN_UNGUARDED_AVAILABILITY = YES_AGGRESSIVE;
				CLANG_WARN_UNREACHABLE_CODE = YES;
				CLANG_WARN__DUPLICATE_METHOD_MATCH = YES;
				COPY_PHASE_STRIP = NO;
				DEBUG_INFORMATION_FORMAT = dwarf;
				ENABLE_STRICT_OBJC_MSGSEND = YES;
				ENABLE_TESTABILITY = YES;
				GCC_C_LANGUAGE_STANDARD = gnu11;
				GCC_DYNAMIC_NO_PIC = NO;
				GCC_NO_COMMON_BLOCKS = YES;
				GCC_OPTIMIZATION_LEVEL = 0;
				GCC_PREPROCESSOR_DEFINITIONS = (
					"DEBUG=1",
					"$(inherited)",
				);
				GCC_WARN_64_TO_32_BIT_CONVERSION = YES;
				GCC_WARN_ABOUT_RETURN_TYPE = YES_ERROR;
				GCC_WARN_UNDECLARED_SELECTOR = YES;
				GCC_WARN_UNINITIALIZED_AUTOS = YES_AGGRESSIVE;
				GCC_WARN_UNUSED_FUNCTION = YES;
				GCC_WARN_UNUSED_VARIABLE = YES;
				IPHONEOS_DEPLOYMENT_TARGET = 14.2;
				MTL_ENABLE_DEBUG_INFO = INCLUDE_SOURCE;
				MTL_FAST_MATH = YES;
				ONLY_ACTIVE_ARCH = YES;
				SDKROOT = iphoneos;
				SWIFT_ACTIVE_COMPILATION_CONDITIONS = DEBUG;
				SWIFT_OPTIMIZATION_LEVEL = "-Onone";
			};
			name = Debug;
		};
		58369F9225C2DECC00296493 /* Release */ = {
			isa = XCBuildConfiguration;
			buildSettings = {
				ALWAYS_SEARCH_USER_PATHS = NO;
				CLANG_ANALYZER_NONNULL = YES;
				CLANG_ANALYZER_NUMBER_OBJECT_CONVERSION = YES_AGGRESSIVE;
				CLANG_CXX_LANGUAGE_STANDARD = "gnu++14";
				CLANG_CXX_LIBRARY = "libc++";
				CLANG_ENABLE_MODULES = YES;
				CLANG_ENABLE_OBJC_ARC = YES;
				CLANG_ENABLE_OBJC_WEAK = YES;
				CLANG_WARN_BLOCK_CAPTURE_AUTORELEASING = YES;
				CLANG_WARN_BOOL_CONVERSION = YES;
				CLANG_WARN_COMMA = YES;
				CLANG_WARN_CONSTANT_CONVERSION = YES;
				CLANG_WARN_DEPRECATED_OBJC_IMPLEMENTATIONS = YES;
				CLANG_WARN_DIRECT_OBJC_ISA_USAGE = YES_ERROR;
				CLANG_WARN_DOCUMENTATION_COMMENTS = YES;
				CLANG_WARN_EMPTY_BODY = YES;
				CLANG_WARN_ENUM_CONVERSION = YES;
				CLANG_WARN_INFINITE_RECURSION = YES;
				CLANG_WARN_INT_CONVERSION = YES;
				CLANG_WARN_NON_LITERAL_NULL_CONVERSION = YES;
				CLANG_WARN_OBJC_IMPLICIT_RETAIN_SELF = YES;
				CLANG_WARN_OBJC_LITERAL_CONVERSION = YES;
				CLANG_WARN_OBJC_ROOT_CLASS = YES_ERROR;
				CLANG_WARN_QUOTED_INCLUDE_IN_FRAMEWORK_HEADER = YES;
				CLANG_WARN_RANGE_LOOP_ANALYSIS = YES;
				CLANG_WARN_STRICT_PROTOTYPES = YES;
				CLANG_WARN_SUSPICIOUS_MOVE = YES;
				CLANG_WARN_UNGUARDED_AVAILABILITY = YES_AGGRESSIVE;
				CLANG_WARN_UNREACHABLE_CODE = YES;
				CLANG_WARN__DUPLICATE_METHOD_MATCH = YES;
				COPY_PHASE_STRIP = NO;
				DEBUG_INFORMATION_FORMAT = "dwarf-with-dsym";
				ENABLE_NS_ASSERTIONS = NO;
				ENABLE_STRICT_OBJC_MSGSEND = YES;
				GCC_C_LANGUAGE_STANDARD = gnu11;
				GCC_NO_COMMON_BLOCKS = YES;
				GCC_WARN_64_TO_32_BIT_CONVERSION = YES;
				GCC_WARN_ABOUT_RETURN_TYPE = YES_ERROR;
				GCC_WARN_UNDECLARED_SELECTOR = YES;
				GCC_WARN_UNINITIALIZED_AUTOS = YES_AGGRESSIVE;
				GCC_WARN_UNUSED_FUNCTION = YES;
				GCC_WARN_UNUSED_VARIABLE = YES;
				IPHONEOS_DEPLOYMENT_TARGET = 14.2;
				MTL_ENABLE_DEBUG_INFO = NO;
				MTL_FAST_MATH = YES;
				SDKROOT = iphoneos;
				SWIFT_COMPILATION_MODE = wholemodule;
				SWIFT_OPTIMIZATION_LEVEL = "-O";
				VALIDATE_PRODUCT = YES;
			};
			name = Release;
		};
		58369F9425C2DECC00296493 /* Debug */ = {
			isa = XCBuildConfiguration;
			buildSettings = {
				ASSETCATALOG_COMPILER_APPICON_NAME = AppIcon;
				ASSETCATALOG_COMPILER_GLOBAL_ACCENT_COLOR_NAME = AccentColor;
				CODE_SIGN_STYLE = Automatic;
				DEVELOPMENT_TEAM = B7NCZ24UXD;
				INFOPLIST_FILE = EducationDiary/SupportingFiles/Info.plist;
				IPHONEOS_DEPLOYMENT_TARGET = 14.0;
				LD_RUNPATH_SEARCH_PATHS = (
					"$(inherited)",
					"@executable_path/Frameworks",
				);
				PRODUCT_BUNDLE_IDENTIFIER = educationDiary.eugene.st.EducationDiary;
				PRODUCT_NAME = "$(TARGET_NAME)";
				SWIFT_VERSION = 5.0;
				TARGETED_DEVICE_FAMILY = "1,2";
			};
			name = Debug;
		};
		58369F9525C2DECC00296493 /* Release */ = {
			isa = XCBuildConfiguration;
			buildSettings = {
				ASSETCATALOG_COMPILER_APPICON_NAME = AppIcon;
				ASSETCATALOG_COMPILER_GLOBAL_ACCENT_COLOR_NAME = AccentColor;
				CODE_SIGN_STYLE = Automatic;
				DEVELOPMENT_TEAM = B7NCZ24UXD;
				INFOPLIST_FILE = EducationDiary/SupportingFiles/Info.plist;
				IPHONEOS_DEPLOYMENT_TARGET = 14.0;
				LD_RUNPATH_SEARCH_PATHS = (
					"$(inherited)",
					"@executable_path/Frameworks",
				);
				PRODUCT_BUNDLE_IDENTIFIER = educationDiary.eugene.st.EducationDiary;
				PRODUCT_NAME = "$(TARGET_NAME)";
				SWIFT_VERSION = 5.0;
				TARGETED_DEVICE_FAMILY = "1,2";
			};
			name = Release;
		};
/* End XCBuildConfiguration section */

/* Begin XCConfigurationList section */
		58369F7725C2DEC500296493 /* Build configuration list for PBXProject "EducationDiary" */ = {
			isa = XCConfigurationList;
			buildConfigurations = (
				58369F9125C2DECC00296493 /* Debug */,
				58369F9225C2DECC00296493 /* Release */,
			);
			defaultConfigurationIsVisible = 0;
			defaultConfigurationName = Release;
		};
		58369F9325C2DECC00296493 /* Build configuration list for PBXNativeTarget "EducationDiary" */ = {
			isa = XCConfigurationList;
			buildConfigurations = (
				58369F9425C2DECC00296493 /* Debug */,
				58369F9525C2DECC00296493 /* Release */,
			);
			defaultConfigurationIsVisible = 0;
			defaultConfigurationName = Release;
		};
/* End XCConfigurationList section */

/* Begin XCVersionGroup section */
		58369F8825C2DEC500296493 /* EducationDiary.xcdatamodeld */ = {
			isa = XCVersionGroup;
			children = (
				58369F8925C2DEC500296493 /* EducationDiary.xcdatamodel */,
			);
			currentVersion = 58369F8925C2DEC500296493 /* EducationDiary.xcdatamodel */;
			path = EducationDiary.xcdatamodeld;
			sourceTree = "<group>";
			versionGroupType = wrapper.xcdatamodel;
		};
/* End XCVersionGroup section */
	};
	rootObject = 58369F7425C2DEC500296493 /* Project object */;
}
